// !$*UTF8*$!
{
	archiveVersion = 1;
	classes = {
	};
	objectVersion = 50;
	objects = {

/* Begin PBXBuildFile section */
		D84B764A251355DB004DA353 /* AppDelegate.swift in Sources */ = {isa = PBXBuildFile; fileRef = D84B7649251355DB004DA353 /* AppDelegate.swift */; };
		D84B764C251355DB004DA353 /* ContentView.swift in Sources */ = {isa = PBXBuildFile; fileRef = D84B764B251355DB004DA353 /* ContentView.swift */; };
		D84B764E251355DD004DA353 /* Assets.xcassets in Resources */ = {isa = PBXBuildFile; fileRef = D84B764D251355DD004DA353 /* Assets.xcassets */; };
		D84B7651251355DD004DA353 /* Preview Assets.xcassets in Resources */ = {isa = PBXBuildFile; fileRef = D84B7650251355DD004DA353 /* Preview Assets.xcassets */; };
		D84B7654251355DD004DA353 /* Main.storyboard in Resources */ = {isa = PBXBuildFile; fileRef = D84B7652251355DD004DA353 /* Main.storyboard */; };
		D84B7660251355DD004DA353 /* soundcloud_on_menubarTests.swift in Sources */ = {isa = PBXBuildFile; fileRef = D84B765F251355DD004DA353 /* soundcloud_on_menubarTests.swift */; };
		D84B766B251355DD004DA353 /* soundcloud_on_menubarUITests.swift in Sources */ = {isa = PBXBuildFile; fileRef = D84B766A251355DD004DA353 /* soundcloud_on_menubarUITests.swift */; };
		D84B767925135AEE004DA353 /* WebView.swift in Sources */ = {isa = PBXBuildFile; fileRef = D84B767825135AEE004DA353 /* WebView.swift */; };
/* End PBXBuildFile section */

/* Begin PBXContainerItemProxy section */
		D84B765C251355DD004DA353 /* PBXContainerItemProxy */ = {
			isa = PBXContainerItemProxy;
			containerPortal = D84B763E251355DB004DA353 /* Project object */;
			proxyType = 1;
			remoteGlobalIDString = D84B7645251355DB004DA353;
			remoteInfo = "soundcloud-on-menubar";
		};
		D84B7667251355DD004DA353 /* PBXContainerItemProxy */ = {
			isa = PBXContainerItemProxy;
			containerPortal = D84B763E251355DB004DA353 /* Project object */;
			proxyType = 1;
			remoteGlobalIDString = D84B7645251355DB004DA353;
			remoteInfo = "soundcloud-on-menubar";
		};
/* End PBXContainerItemProxy section */

/* Begin PBXFileReference section */
		D84B7646251355DB004DA353 /* soundcloud-on-menubar.app */ = {isa = PBXFileReference; explicitFileType = wrapper.application; includeInIndex = 0; path = "soundcloud-on-menubar.app"; sourceTree = BUILT_PRODUCTS_DIR; };
		D84B7649251355DB004DA353 /* AppDelegate.swift */ = {isa = PBXFileReference; lastKnownFileType = sourcecode.swift; path = AppDelegate.swift; sourceTree = "<group>"; };
		D84B764B251355DB004DA353 /* ContentView.swift */ = {isa = PBXFileReference; lastKnownFileType = sourcecode.swift; path = ContentView.swift; sourceTree = "<group>"; };
		D84B764D251355DD004DA353 /* Assets.xcassets */ = {isa = PBXFileReference; lastKnownFileType = folder.assetcatalog; path = Assets.xcassets; sourceTree = "<group>"; };
		D84B7650251355DD004DA353 /* Preview Assets.xcassets */ = {isa = PBXFileReference; lastKnownFileType = folder.assetcatalog; path = "Preview Assets.xcassets"; sourceTree = "<group>"; };
		D84B7653251355DD004DA353 /* Base */ = {isa = PBXFileReference; lastKnownFileType = file.storyboard; name = Base; path = Base.lproj/Main.storyboard; sourceTree = "<group>"; };
		D84B7655251355DD004DA353 /* Info.plist */ = {isa = PBXFileReference; lastKnownFileType = text.plist.xml; path = Info.plist; sourceTree = "<group>"; };
		D84B7656251355DD004DA353 /* soundcloud_on_menubar.entitlements */ = {isa = PBXFileReference; lastKnownFileType = text.plist.entitlements; path = soundcloud_on_menubar.entitlements; sourceTree = "<group>"; };
		D84B765B251355DD004DA353 /* soundcloud-on-menubarTests.xctest */ = {isa = PBXFileReference; explicitFileType = wrapper.cfbundle; includeInIndex = 0; path = "soundcloud-on-menubarTests.xctest"; sourceTree = BUILT_PRODUCTS_DIR; };
		D84B765F251355DD004DA353 /* soundcloud_on_menubarTests.swift */ = {isa = PBXFileReference; lastKnownFileType = sourcecode.swift; path = soundcloud_on_menubarTests.swift; sourceTree = "<group>"; };
		D84B7661251355DD004DA353 /* Info.plist */ = {isa = PBXFileReference; lastKnownFileType = text.plist.xml; path = Info.plist; sourceTree = "<group>"; };
		D84B7666251355DD004DA353 /* soundcloud-on-menubarUITests.xctest */ = {isa = PBXFileReference; explicitFileType = wrapper.cfbundle; includeInIndex = 0; path = "soundcloud-on-menubarUITests.xctest"; sourceTree = BUILT_PRODUCTS_DIR; };
		D84B766A251355DD004DA353 /* soundcloud_on_menubarUITests.swift */ = {isa = PBXFileReference; lastKnownFileType = sourcecode.swift; path = soundcloud_on_menubarUITests.swift; sourceTree = "<group>"; };
		D84B766C251355DD004DA353 /* Info.plist */ = {isa = PBXFileReference; lastKnownFileType = text.plist.xml; path = Info.plist; sourceTree = "<group>"; };
		D84B767825135AEE004DA353 /* WebView.swift */ = {isa = PBXFileReference; lastKnownFileType = sourcecode.swift; path = WebView.swift; sourceTree = "<group>"; };
/* End PBXFileReference section */

/* Begin PBXFrameworksBuildPhase section */
		D84B7643251355DB004DA353 /* Frameworks */ = {
			isa = PBXFrameworksBuildPhase;
			buildActionMask = 2147483647;
			files = (
			);
			runOnlyForDeploymentPostprocessing = 0;
		};
		D84B7658251355DD004DA353 /* Frameworks */ = {
			isa = PBXFrameworksBuildPhase;
			buildActionMask = 2147483647;
			files = (
			);
			runOnlyForDeploymentPostprocessing = 0;
		};
		D84B7663251355DD004DA353 /* Frameworks */ = {
			isa = PBXFrameworksBuildPhase;
			buildActionMask = 2147483647;
			files = (
			);
			runOnlyForDeploymentPostprocessing = 0;
		};
/* End PBXFrameworksBuildPhase section */

/* Begin PBXGroup section */
		D84B763D251355DB004DA353 = {
			isa = PBXGroup;
			children = (
				D84B7648251355DB004DA353 /* soundcloud-on-menubar */,
				D84B765E251355DD004DA353 /* soundcloud-on-menubarTests */,
				D84B7669251355DD004DA353 /* soundcloud-on-menubarUITests */,
				D84B7647251355DB004DA353 /* Products */,
			);
			sourceTree = "<group>";
		};
		D84B7647251355DB004DA353 /* Products */ = {
			isa = PBXGroup;
			children = (
				D84B7646251355DB004DA353 /* soundcloud-on-menubar.app */,
				D84B765B251355DD004DA353 /* soundcloud-on-menubarTests.xctest */,
				D84B7666251355DD004DA353 /* soundcloud-on-menubarUITests.xctest */,
			);
			name = Products;
			sourceTree = "<group>";
		};
		D84B7648251355DB004DA353 /* soundcloud-on-menubar */ = {
			isa = PBXGroup;
			children = (
				D84B7649251355DB004DA353 /* AppDelegate.swift */,
				D84B764B251355DB004DA353 /* ContentView.swift */,
				D84B764D251355DD004DA353 /* Assets.xcassets */,
				D84B7652251355DD004DA353 /* Main.storyboard */,
				D84B7655251355DD004DA353 /* Info.plist */,
				D84B7656251355DD004DA353 /* soundcloud_on_menubar.entitlements */,
				D84B764F251355DD004DA353 /* Preview Content */,
				D84B767825135AEE004DA353 /* WebView.swift */,
			);
			path = "soundcloud-on-menubar";
			sourceTree = "<group>";
		};
		D84B764F251355DD004DA353 /* Preview Content */ = {
			isa = PBXGroup;
			children = (
				D84B7650251355DD004DA353 /* Preview Assets.xcassets */,
			);
			path = "Preview Content";
			sourceTree = "<group>";
		};
		D84B765E251355DD004DA353 /* soundcloud-on-menubarTests */ = {
			isa = PBXGroup;
			children = (
				D84B765F251355DD004DA353 /* soundcloud_on_menubarTests.swift */,
				D84B7661251355DD004DA353 /* Info.plist */,
			);
			path = "soundcloud-on-menubarTests";
			sourceTree = "<group>";
		};
		D84B7669251355DD004DA353 /* soundcloud-on-menubarUITests */ = {
			isa = PBXGroup;
			children = (
				D84B766A251355DD004DA353 /* soundcloud_on_menubarUITests.swift */,
				D84B766C251355DD004DA353 /* Info.plist */,
			);
			path = "soundcloud-on-menubarUITests";
			sourceTree = "<group>";
		};
/* End PBXGroup section */

/* Begin PBXNativeTarget section */
		D84B7645251355DB004DA353 /* soundcloud-on-menubar */ = {
			isa = PBXNativeTarget;
			buildConfigurationList = D84B766F251355DD004DA353 /* Build configuration list for PBXNativeTarget "soundcloud-on-menubar" */;
			buildPhases = (
				D84B7642251355DB004DA353 /* Sources */,
				D84B7643251355DB004DA353 /* Frameworks */,
				D84B7644251355DB004DA353 /* Resources */,
			);
			buildRules = (
			);
			dependencies = (
			);
			name = "soundcloud-on-menubar";
			productName = "soundcloud-on-menubar";
			productReference = D84B7646251355DB004DA353 /* soundcloud-on-menubar.app */;
			productType = "com.apple.product-type.application";
		};
		D84B765A251355DD004DA353 /* soundcloud-on-menubarTests */ = {
			isa = PBXNativeTarget;
			buildConfigurationList = D84B7672251355DD004DA353 /* Build configuration list for PBXNativeTarget "soundcloud-on-menubarTests" */;
			buildPhases = (
				D84B7657251355DD004DA353 /* Sources */,
				D84B7658251355DD004DA353 /* Frameworks */,
				D84B7659251355DD004DA353 /* Resources */,
			);
			buildRules = (
			);
			dependencies = (
				D84B765D251355DD004DA353 /* PBXTargetDependency */,
			);
			name = "soundcloud-on-menubarTests";
			productName = "soundcloud-on-menubarTests";
			productReference = D84B765B251355DD004DA353 /* soundcloud-on-menubarTests.xctest */;
			productType = "com.apple.product-type.bundle.unit-test";
		};
		D84B7665251355DD004DA353 /* soundcloud-on-menubarUITests */ = {
			isa = PBXNativeTarget;
			buildConfigurationList = D84B7675251355DD004DA353 /* Build configuration list for PBXNativeTarget "soundcloud-on-menubarUITests" */;
			buildPhases = (
				D84B7662251355DD004DA353 /* Sources */,
				D84B7663251355DD004DA353 /* Frameworks */,
				D84B7664251355DD004DA353 /* Resources */,
			);
			buildRules = (
			);
			dependencies = (
				D84B7668251355DD004DA353 /* PBXTargetDependency */,
			);
			name = "soundcloud-on-menubarUITests";
			productName = "soundcloud-on-menubarUITests";
			productReference = D84B7666251355DD004DA353 /* soundcloud-on-menubarUITests.xctest */;
			productType = "com.apple.product-type.bundle.ui-testing";
		};
/* End PBXNativeTarget section */

/* Begin PBXProject section */
		D84B763E251355DB004DA353 /* Project object */ = {
			isa = PBXProject;
			attributes = {
				LastSwiftUpdateCheck = 1160;
				LastUpgradeCheck = 1160;
				ORGANIZATIONNAME = asonas;
				TargetAttributes = {
					D84B7645251355DB004DA353 = {
						CreatedOnToolsVersion = 11.6;
					};
					D84B765A251355DD004DA353 = {
						CreatedOnToolsVersion = 11.6;
						TestTargetID = D84B7645251355DB004DA353;
					};
					D84B7665251355DD004DA353 = {
						CreatedOnToolsVersion = 11.6;
						TestTargetID = D84B7645251355DB004DA353;
					};
				};
			};
			buildConfigurationList = D84B7641251355DB004DA353 /* Build configuration list for PBXProject "soundcloud-on-menubar" */;
			compatibilityVersion = "Xcode 9.3";
			developmentRegion = en;
			hasScannedForEncodings = 0;
			knownRegions = (
				en,
				Base,
			);
			mainGroup = D84B763D251355DB004DA353;
			productRefGroup = D84B7647251355DB004DA353 /* Products */;
			projectDirPath = "";
			projectRoot = "";
			targets = (
				D84B7645251355DB004DA353 /* soundcloud-on-menubar */,
				D84B765A251355DD004DA353 /* soundcloud-on-menubarTests */,
				D84B7665251355DD004DA353 /* soundcloud-on-menubarUITests */,
			);
		};
/* End PBXProject section */

/* Begin PBXResourcesBuildPhase section */
		D84B7644251355DB004DA353 /* Resources */ = {
			isa = PBXResourcesBuildPhase;
			buildActionMask = 2147483647;
			files = (
				D84B7654251355DD004DA353 /* Main.storyboard in Resources */,
				D84B7651251355DD004DA353 /* Preview Assets.xcassets in Resources */,
				D84B764E251355DD004DA353 /* Assets.xcassets in Resources */,
			);
			runOnlyForDeploymentPostprocessing = 0;
		};
		D84B7659251355DD004DA353 /* Resources */ = {
			isa = PBXResourcesBuildPhase;
			buildActionMask = 2147483647;
			files = (
			);
			runOnlyForDeploymentPostprocessing = 0;
		};
		D84B7664251355DD004DA353 /* Resources */ = {
			isa = PBXResourcesBuildPhase;
			buildActionMask = 2147483647;
			files = (
			);
			runOnlyForDeploymentPostprocessing = 0;
		};
/* End PBXResourcesBuildPhase section */

/* Begin PBXSourcesBuildPhase section */
		D84B7642251355DB004DA353 /* Sources */ = {
			isa = PBXSourcesBuildPhase;
			buildActionMask = 2147483647;
			files = (
				D84B767925135AEE004DA353 /* WebView.swift in Sources */,
				D84B764C251355DB004DA353 /* ContentView.swift in Sources */,
				D84B764A251355DB004DA353 /* AppDelegate.swift in Sources */,
			);
			runOnlyForDeploymentPostprocessing = 0;
		};
		D84B7657251355DD004DA353 /* Sources */ = {
			isa = PBXSourcesBuildPhase;
			buildActionMask = 2147483647;
			files = (
				D84B7660251355DD004DA353 /* soundcloud_on_menubarTests.swift in Sources */,
			);
			runOnlyForDeploymentPostprocessing = 0;
		};
		D84B7662251355DD004DA353 /* Sources */ = {
			isa = PBXSourcesBuildPhase;
			buildActionMask = 2147483647;
			files = (
				D84B766B251355DD004DA353 /* soundcloud_on_menubarUITests.swift in Sources */,
			);
			runOnlyForDeploymentPostprocessing = 0;
		};
/* End PBXSourcesBuildPhase section */

/* Begin PBXTargetDependency section */
		D84B765D251355DD004DA353 /* PBXTargetDependency */ = {
			isa = PBXTargetDependency;
			target = D84B7645251355DB004DA353 /* soundcloud-on-menubar */;
			targetProxy = D84B765C251355DD004DA353 /* PBXContainerItemProxy */;
		};
		D84B7668251355DD004DA353 /* PBXTargetDependency */ = {
			isa = PBXTargetDependency;
			target = D84B7645251355DB004DA353 /* soundcloud-on-menubar */;
			targetProxy = D84B7667251355DD004DA353 /* PBXContainerItemProxy */;
		};
/* End PBXTargetDependency section */

/* Begin PBXVariantGroup section */
		D84B7652251355DD004DA353 /* Main.storyboard */ = {
			isa = PBXVariantGroup;
			children = (
				D84B7653251355DD004DA353 /* Base */,
			);
			name = Main.storyboard;
			sourceTree = "<group>";
		};
/* End PBXVariantGroup section */

/* Begin XCBuildConfiguration section */
		D84B766D251355DD004DA353 /* Debug */ = {
			isa = XCBuildConfiguration;
			buildSettings = {
				ALWAYS_SEARCH_USER_PATHS = NO;
				CLANG_ANALYZER_NONNULL = YES;
				CLANG_ANALYZER_NUMBER_OBJECT_CONVERSION = YES_AGGRESSIVE;
				CLANG_CXX_LANGUAGE_STANDARD = "gnu++14";
				CLANG_CXX_LIBRARY = "libc++";
				CLANG_ENABLE_MODULES = YES;
				CLANG_ENABLE_OBJC_ARC = YES;
				CLANG_ENABLE_OBJC_WEAK = YES;
				CLANG_WARN_BLOCK_CAPTURE_AUTORELEASING = YES;
				CLANG_WARN_BOOL_CONVERSION = YES;
				CLANG_WARN_COMMA = YES;
				CLANG_WARN_CONSTANT_CONVERSION = YES;
				CLANG_WARN_DEPRECATED_OBJC_IMPLEMENTATIONS = YES;
				CLANG_WARN_DIRECT_OBJC_ISA_USAGE = YES_ERROR;
				CLANG_WARN_DOCUMENTATION_COMMENTS = YES;
				CLANG_WARN_EMPTY_BODY = YES;
				CLANG_WARN_ENUM_CONVERSION = YES;
				CLANG_WARN_INFINITE_RECURSION = YES;
				CLANG_WARN_INT_CONVERSION = YES;
				CLANG_WARN_NON_LITERAL_NULL_CONVERSION = YES;
				CLANG_WARN_OBJC_IMPLICIT_RETAIN_SELF = YES;
				CLANG_WARN_OBJC_LITERAL_CONVERSION = YES;
				CLANG_WARN_OBJC_ROOT_CLASS = YES_ERROR;
				CLANG_WARN_RANGE_LOOP_ANALYSIS = YES;
				CLANG_WARN_STRICT_PROTOTYPES = YES;
				CLANG_WARN_SUSPICIOUS_MOVE = YES;
				CLANG_WARN_UNGUARDED_AVAILABILITY = YES_AGGRESSIVE;
				CLANG_WARN_UNREACHABLE_CODE = YES;
				CLANG_WARN__DUPLICATE_METHOD_MATCH = YES;
				COPY_PHASE_STRIP = NO;
				DEBUG_INFORMATION_FORMAT = dwarf;
				ENABLE_STRICT_OBJC_MSGSEND = YES;
				ENABLE_TESTABILITY = YES;
				GCC_C_LANGUAGE_STANDARD = gnu11;
				GCC_DYNAMIC_NO_PIC = NO;
				GCC_NO_COMMON_BLOCKS = YES;
				GCC_OPTIMIZATION_LEVEL = 0;
				GCC_PREPROCESSOR_DEFINITIONS = (
					"DEBUG=1",
					"$(inherited)",
				);
				GCC_WARN_64_TO_32_BIT_CONVERSION = YES;
				GCC_WARN_ABOUT_RETURN_TYPE = YES_ERROR;
				GCC_WARN_UNDECLARED_SELECTOR = YES;
				GCC_WARN_UNINITIALIZED_AUTOS = YES_AGGRESSIVE;
				GCC_WARN_UNUSED_FUNCTION = YES;
				GCC_WARN_UNUSED_VARIABLE = YES;
				MACOSX_DEPLOYMENT_TARGET = 10.15;
				MTL_ENABLE_DEBUG_INFO = INCLUDE_SOURCE;
				MTL_FAST_MATH = YES;
				ONLY_ACTIVE_ARCH = YES;
				SDKROOT = macosx;
				SWIFT_ACTIVE_COMPILATION_CONDITIONS = DEBUG;
				SWIFT_OPTIMIZATION_LEVEL = "-Onone";
			};
			name = Debug;
		};
		D84B766E251355DD004DA353 /* Release */ = {
			isa = XCBuildConfiguration;
			buildSettings = {
				ALWAYS_SEARCH_USER_PATHS = NO;
				CLANG_ANALYZER_NONNULL = YES;
				CLANG_ANALYZER_NUMBER_OBJECT_CONVERSION = YES_AGGRESSIVE;
				CLANG_CXX_LANGUAGE_STANDARD = "gnu++14";
				CLANG_CXX_LIBRARY = "libc++";
				CLANG_ENABLE_MODULES = YES;
				CLANG_ENABLE_OBJC_ARC = YES;
				CLANG_ENABLE_OBJC_WEAK = YES;
				CLANG_WARN_BLOCK_CAPTURE_AUTORELEASING = YES;
				CLANG_WARN_BOOL_CONVERSION = YES;
				CLANG_WARN_COMMA = YES;
				CLANG_WARN_CONSTANT_CONVERSION = YES;
				CLANG_WARN_DEPRECATED_OBJC_IMPLEMENTATIONS = YES;
				CLANG_WARN_DIRECT_OBJC_ISA_USAGE = YES_ERROR;
				CLANG_WARN_DOCUMENTATION_COMMENTS = YES;
				CLANG_WARN_EMPTY_BODY = YES;
				CLANG_WARN_ENUM_CONVERSION = YES;
				CLANG_WARN_INFINITE_RECURSION = YES;
				CLANG_WARN_INT_CONVERSION = YES;
				CLANG_WARN_NON_LITERAL_NULL_CONVERSION = YES;
				CLANG_WARN_OBJC_IMPLICIT_RETAIN_SELF = YES;
				CLANG_WARN_OBJC_LITERAL_CONVERSION = YES;
				CLANG_WARN_OBJC_ROOT_CLASS = YES_ERROR;
				CLANG_WARN_RANGE_LOOP_ANALYSIS = YES;
				CLANG_WARN_STRICT_PROTOTYPES = YES;
				CLANG_WARN_SUSPICIOUS_MOVE = YES;
				CLANG_WARN_UNGUARDED_AVAILABILITY = YES_AGGRESSIVE;
				CLANG_WARN_UNREACHABLE_CODE = YES;
				CLANG_WARN__DUPLICATE_METHOD_MATCH = YES;
				COPY_PHASE_STRIP = NO;
				DEBUG_INFORMATION_FORMAT = "dwarf-with-dsym";
				ENABLE_NS_ASSERTIONS = NO;
				ENABLE_STRICT_OBJC_MSGSEND = YES;
				GCC_C_LANGUAGE_STANDARD = gnu11;
				GCC_NO_COMMON_BLOCKS = YES;
				GCC_WARN_64_TO_32_BIT_CONVERSION = YES;
				GCC_WARN_ABOUT_RETURN_TYPE = YES_ERROR;
				GCC_WARN_UNDECLARED_SELECTOR = YES;
				GCC_WARN_UNINITIALIZED_AUTOS = YES_AGGRESSIVE;
				GCC_WARN_UNUSED_FUNCTION = YES;
				GCC_WARN_UNUSED_VARIABLE = YES;
				MACOSX_DEPLOYMENT_TARGET = 10.15;
				MTL_ENABLE_DEBUG_INFO = NO;
				MTL_FAST_MATH = YES;
				SDKROOT = macosx;
				SWIFT_COMPILATION_MODE = wholemodule;
				SWIFT_OPTIMIZATION_LEVEL = "-O";
			};
			name = Release;
		};
		D84B7670251355DD004DA353 /* Debug */ = {
			isa = XCBuildConfiguration;
			buildSettings = {
				ASSETCATALOG_COMPILER_APPICON_NAME = AppIcon;
				CODE_SIGN_ENTITLEMENTS = "soundcloud-on-menubar/soundcloud_on_menubar.entitlements";
				CODE_SIGN_STYLE = Automatic;
				COMBINE_HIDPI_IMAGES = YES;
				DEVELOPMENT_ASSET_PATHS = "\"soundcloud-on-menubar/Preview Content\"";
				DEVELOPMENT_TEAM = R48LP3T96W;
				ENABLE_PREVIEWS = YES;
				INFOPLIST_FILE = "soundcloud-on-menubar/Info.plist";
				LD_RUNPATH_SEARCH_PATHS = (
					"$(inherited)",
					"@executable_path/../Frameworks",
				);
				MACOSX_DEPLOYMENT_TARGET = 10.15;
				PRODUCT_BUNDLE_IDENTIFIER = "com.asonas.soundcloud-on-menubar";
				PRODUCT_NAME = "$(TARGET_NAME)";
				SWIFT_VERSION = 5.0;
			};
			name = Debug;
		};
		D84B7671251355DD004DA353 /* Release */ = {
			isa = XCBuildConfiguration;
			buildSettings = {
				ASSETCATALOG_COMPILER_APPICON_NAME = AppIcon;
				CODE_SIGN_ENTITLEMENTS = "soundcloud-on-menubar/soundcloud_on_menubar.entitlements";
				CODE_SIGN_STYLE = Automatic;
				COMBINE_HIDPI_IMAGES = YES;
				DEVELOPMENT_ASSET_PATHS = "\"soundcloud-on-menubar/Preview Content\"";
				DEVELOPMENT_TEAM = R48LP3T96W;
				ENABLE_PREVIEWS = YES;
				INFOPLIST_FILE = "soundcloud-on-menubar/Info.plist";
				LD_RUNPATH_SEARCH_PATHS = (
					"$(inherited)",
					"@executable_path/../Frameworks",
				);
				MACOSX_DEPLOYMENT_TARGET = 10.15;
				PRODUCT_BUNDLE_IDENTIFIER = "com.asonas.soundcloud-on-menubar";
				PRODUCT_NAME = "$(TARGET_NAME)";
				SWIFT_VERSION = 5.0;
			};
			name = Release;
		};
		D84B7673251355DD004DA353 /* Debug */ = {
			isa = XCBuildConfiguration;
			buildSettings = {
				ALWAYS_EMBED_SWIFT_STANDARD_LIBRARIES = YES;
				BUNDLE_LOADER = "$(TEST_HOST)";
				CODE_SIGN_STYLE = Automatic;
				COMBINE_HIDPI_IMAGES = YES;
				INFOPLIST_FILE = "soundcloud-on-menubarTests/Info.plist";
				LD_RUNPATH_SEARCH_PATHS = (
					"$(inherited)",
					"@executable_path/../Frameworks",
					"@loader_path/../Frameworks",
				);
				MACOSX_DEPLOYMENT_TARGET = 10.15;
				PRODUCT_BUNDLE_IDENTIFIER = "com.asonas.soundcloud-on-menubarTests";
				PRODUCT_NAME = "$(TARGET_NAME)";
				SWIFT_VERSION = 5.0;
				TEST_HOST = "$(BUILT_PRODUCTS_DIR)/soundcloud-on-menubar.app/Contents/MacOS/soundcloud-on-menubar";
			};
			name = Debug;
		};
		D84B7674251355DD004DA353 /* Release */ = {
			isa = XCBuildConfiguration;
			buildSettings = {
				ALWAYS_EMBED_SWIFT_STANDARD_LIBRARIES = YES;
				BUNDLE_LOADER = "$(TEST_HOST)";
				CODE_SIGN_STYLE = Automatic;
				COMBINE_HIDPI_IMAGES = YES;
				INFOPLIST_FILE = "soundcloud-on-menubarTests/Info.plist";
				LD_RUNPATH_SEARCH_PATHS = (
					"$(inherited)",
					"@executable_path/../Frameworks",
					"@loader_path/../Frameworks",
				);
				MACOSX_DEPLOYMENT_TARGET = 10.15;
				PRODUCT_BUNDLE_IDENTIFIER = "com.asonas.soundcloud-on-menubarTests";
				PRODUCT_NAME = "$(TARGET_NAME)";
				SWIFT_VERSION = 5.0;
				TEST_HOST = "$(BUILT_PRODUCTS_DIR)/soundcloud-on-menubar.app/Contents/MacOS/soundcloud-on-menubar";
			};
			name = Release;
		};
		D84B7676251355DD004DA353 /* Debug */ = {
			isa = XCBuildConfiguration;
			buildSettings = {
				ALWAYS_EMBED_SWIFT_STANDARD_LIBRARIES = YES;
				CODE_SIGN_STYLE = Automatic;
				COMBINE_HIDPI_IMAGES = YES;
				INFOPLIST_FILE = "soundcloud-on-menubarUITests/Info.plist";
				LD_RUNPATH_SEARCH_PATHS = (
					"$(inherited)",
					"@executable_path/../Frameworks",
					"@loader_path/../Frameworks",
				);
				PRODUCT_BUNDLE_IDENTIFIER = "com.asonas.soundcloud-on-menubarUITests";
				PRODUCT_NAME = "$(TARGET_NAME)";
				SWIFT_VERSION = 5.0;
				TEST_TARGET_NAME = "soundcloud-on-menubar";
			};
			name = Debug;
		};
		D84B7677251355DD004DA353 /* Release */ = {
			isa = XCBuildConfiguration;
			buildSettings = {
				ALWAYS_EMBED_SWIFT_STANDARD_LIBRARIES = YES;
				CODE_SIGN_STYLE = Automatic;
				COMBINE_HIDPI_IMAGES = YES;
				INFOPLIST_FILE = "soundcloud-on-menubarUITests/Info.plist";
				LD_RUNPATH_SEARCH_PATHS = (
					"$(inherited)",
					"@executable_path/../Frameworks",
					"@loader_path/../Frameworks",
				);
				PRODUCT_BUNDLE_IDENTIFIER = "com.asonas.soundcloud-on-menubarUITests";
				PRODUCT_NAME = "$(TARGET_NAME)";
				SWIFT_VERSION = 5.0;
				TEST_TARGET_NAME = "soundcloud-on-menubar";
			};
			name = Release;
		};
/* End XCBuildConfiguration section */

/* Begin XCConfigurationList section */
		D84B7641251355DB004DA353 /* Build configuration list for PBXProject "soundcloud-on-menubar" */ = {
			isa = XCConfigurationList;
			buildConfigurations = (
				D84B766D251355DD004DA353 /* Debug */,
				D84B766E251355DD004DA353 /* Release */,
			);
			defaultConfigurationIsVisible = 0;
			defaultConfigurationName = Release;
		};
		D84B766F251355DD004DA353 /* Build configuration list for PBXNativeTarget "soundcloud-on-menubar" */ = {
			isa = XCConfigurationList;
			buildConfigurations = (
				D84B7670251355DD004DA353 /* Debug */,
				D84B7671251355DD004DA353 /* Release */,
			);
			defaultConfigurationIsVisible = 0;
			defaultConfigurationName = Release;
		};
		D84B7672251355DD004DA353 /* Build configuration list for PBXNativeTarget "soundcloud-on-menubarTests" */ = {
			isa = XCConfigurationList;
			buildConfigurations = (
				D84B7673251355DD004DA353 /* Debug */,
				D84B7674251355DD004DA353 /* Release */,
			);
			defaultConfigurationIsVisible = 0;
			defaultConfigurationName = Release;
		};
		D84B7675251355DD004DA353 /* Build configuration list for PBXNativeTarget "soundcloud-on-menubarUITests" */ = {
			isa = XCConfigurationList;
			buildConfigurations = (
				D84B7676251355DD004DA353 /* Debug */,
				D84B7677251355DD004DA353 /* Release */,
			);
			defaultConfigurationIsVisible = 0;
			defaultConfigurationName = Release;
		};
/* End XCConfigurationList section */
	};
	rootObject = D84B763E251355DB004DA353 /* Project object */;
}
